
Microsoft Visual Studio Solution File, Format Version 12.00
# Visual Studio 15
VisualStudioVersion = 15.0.27130.2027
MinimumVisualStudioVersion = 10.0.40219.1
Project("{FAE04EC0-301F-11D3-BF4B-00C04F79EFBC}") = "ConsoleApp1", "ConsoleApp1\ConsoleApp1.csproj", "{94ED95E2-2D11-4C49-9316-2CAA7D40B507}"
EndProject
Global
	GlobalSection(SolutionConfigurationPlatforms) = preSolution
		Debug|Any CPU = Debug|Any CPU
		Release|Any CPU = Release|Any CPU
	EndGlobalSection
	GlobalSection(ProjectConfigurationPlatforms) = postSolution
		{94ED95E2-2D11-4C49-9316-2CAA7D40B507}.Debug|Any CPU.ActiveCfg = Debug|Any CPU
		{94ED95E2-2D11-4C49-9316-2CAA7D40B507}.Debug|Any CPU.Build.0 = Debug|Any CPU
		{94ED95E2-2D11-4C49-9316-2CAA7D40B507}.Release|Any CPU.ActiveCfg = Release|Any CPU
		{94ED95E2-2D11-4C49-9316-2CAA7D40B507}.Release|Any CPU.Build.0 = Release|Any CPU
	EndGlobalSection
	GlobalSection(SolutionProperties) = preSolution
		HideSolutionNode = FALSE
	EndGlobalSection
	GlobalSection(ExtensibilityGlobals) = postSolution
		SolutionGuid = {D0DCBF29-11AE-45B7-9237-158DD689C859}
	EndGlobalSection
EndGlobal
